
Microsoft Visual Studio Solution File, Format Version 12.00
# Visual Studio 15
VisualStudioVersion = 15.0.26730.3
MinimumVisualStudioVersion = 10.0.40219.1
Project("{FAE04EC0-301F-11D3-BF4B-00C04F79EFBC}") = "BallPlay", "BallPlay\BallPlay.csproj", "{BA3C3D36-E934-48BE-ACED-DAFD1062AE7F}"
EndProject
Project("{FAE04EC0-301F-11D3-BF4B-00C04F79EFBC}") = "BallsPBox", "BallsPBox\BallsPBox.csproj", "{EC3B46CA-8FE0-4143-A9A2-598302530D5D}"
EndProject
Project("{FAE04EC0-301F-11D3-BF4B-00C04F79EFBC}") = "BallsPBoxTimer", "BallsPBoxTimer\BallsPBoxTimer.csproj", "{0142A4D4-A4CA-4F4F-8576-FBCD1BD9FDA3}"
EndProject
Global
	GlobalSection(SolutionConfigurationPlatforms) = preSolution
		Debug|Any CPU = Debug|Any CPU
		Release|Any CPU = Release|Any CPU
	EndGlobalSection
	GlobalSection(ProjectConfigurationPlatforms) = postSolution
		{BA3C3D36-E934-48BE-ACED-DAFD1062AE7F}.Debug|Any CPU.ActiveCfg = Debug|Any CPU
		{BA3C3D36-E934-48BE-ACED-DAFD1062AE7F}.Debug|Any CPU.Build.0 = Debug|Any CPU
		{BA3C3D36-E934-48BE-ACED-DAFD1062AE7F}.Release|Any CPU.ActiveCfg = Release|Any CPU
		{BA3C3D36-E934-48BE-ACED-DAFD1062AE7F}.Release|Any CPU.Build.0 = Release|Any CPU
		{EC3B46CA-8FE0-4143-A9A2-598302530D5D}.Debug|Any CPU.ActiveCfg = Debug|Any CPU
		{EC3B46CA-8FE0-4143-A9A2-598302530D5D}.Debug|Any CPU.Build.0 = Debug|Any CPU
		{EC3B46CA-8FE0-4143-A9A2-598302530D5D}.Release|Any CPU.ActiveCfg = Release|Any CPU
		{EC3B46CA-8FE0-4143-A9A2-598302530D5D}.Release|Any CPU.Build.0 = Release|Any CPU
		{0142A4D4-A4CA-4F4F-8576-FBCD1BD9FDA3}.Debug|Any CPU.ActiveCfg = Debug|Any CPU
		{0142A4D4-A4CA-4F4F-8576-FBCD1BD9FDA3}.Debug|Any CPU.Build.0 = Debug|Any CPU
		{0142A4D4-A4CA-4F4F-8576-FBCD1BD9FDA3}.Release|Any CPU.ActiveCfg = Release|Any CPU
		{0142A4D4-A4CA-4F4F-8576-FBCD1BD9FDA3}.Release|Any CPU.Build.0 = Release|Any CPU
	EndGlobalSection
	GlobalSection(SolutionProperties) = preSolution
		HideSolutionNode = FALSE
	EndGlobalSection
	GlobalSection(ExtensibilityGlobals) = postSolution
		SolutionGuid = {63EF6149-ECC9-4D0B-9F27-A92E267C07AB}
	EndGlobalSection
EndGlobal
